
Microsoft Visual Studio Solution File, Format Version 12.00
# Visual Studio Version 17
VisualStudioVersion = 17.2.32616.157
MinimumVisualStudioVersion = 10.0.40219.1
Project("{FAE04EC0-301F-11D3-BF4B-00C04F79EFBC}") = "FileUpload.API", "FileUpload.API\FileUpload.API.csproj", "{7FB3D6F9-CAB0-4F53-A032-5CE19F8E502F}"
EndProject
Global
	GlobalSection(SolutionConfigurationPlatforms) = preSolution
		Debug|Any CPU = Debug|Any CPU
		Release|Any CPU = Release|Any CPU
	EndGlobalSection
	GlobalSection(ProjectConfigurationPlatforms) = postSolution
		{7FB3D6F9-CAB0-4F53-A032-5CE19F8E502F}.Debug|Any CPU.ActiveCfg = Debug|Any CPU
		{7FB3D6F9-CAB0-4F53-A032-5CE19F8E502F}.Debug|Any CPU.Build.0 = Debug|Any CPU
		{7FB3D6F9-CAB0-4F53-A032-5CE19F8E502F}.Release|Any CPU.ActiveCfg = Release|Any CPU
		{7FB3D6F9-CAB0-4F53-A032-5CE19F8E502F}.Release|Any CPU.Build.0 = Release|Any CPU
	EndGlobalSection
	GlobalSection(SolutionProperties) = preSolution
		HideSolutionNode = FALSE
	EndGlobalSection
	GlobalSection(ExtensibilityGlobals) = postSolution
		SolutionGuid = {F10B3FE4-0333-4D14-A900-7949A283FB94}
	EndGlobalSection
EndGlobal
